
Microsoft Visual Studio Solution File, Format Version 12.00
# Visual Studio 15
VisualStudioVersion = 15.0.28010.2050
MinimumVisualStudioVersion = 10.0.40219.1
Project("{FAE04EC0-301F-11D3-BF4B-00C04F79EFBC}") = "BlogSiteProject", "BlogSiteProject\BlogSiteProject.csproj", "{75D9F02B-BD10-46F0-BDA9-8C684ABB2A95}"
EndProject
Global
	GlobalSection(SolutionConfigurationPlatforms) = preSolution
		Debug|Any CPU = Debug|Any CPU
		Release|Any CPU = Release|Any CPU
	EndGlobalSection
	GlobalSection(ProjectConfigurationPlatforms) = postSolution
		{75D9F02B-BD10-46F0-BDA9-8C684ABB2A95}.Debug|Any CPU.ActiveCfg = Debug|Any CPU
		{75D9F02B-BD10-46F0-BDA9-8C684ABB2A95}.Debug|Any CPU.Build.0 = Debug|Any CPU
		{75D9F02B-BD10-46F0-BDA9-8C684ABB2A95}.Release|Any CPU.ActiveCfg = Release|Any CPU
		{75D9F02B-BD10-46F0-BDA9-8C684ABB2A95}.Release|Any CPU.Build.0 = Release|Any CPU
	EndGlobalSection
	GlobalSection(SolutionProperties) = preSolution
		HideSolutionNode = FALSE
	EndGlobalSection
	GlobalSection(ExtensibilityGlobals) = postSolution
		SolutionGuid = {788DB3F7-DC43-447B-9696-967C32681183}
	EndGlobalSection
EndGlobal
